lockfileVersion: 5.3

specifiers:
  '@folmejs/core': ^2.4.0
  '@microsoft/api-documenter': ^7.13.23
  '@microsoft/api-extractor': ^7.16.1
  csstype: ^3.0.8
  fast-memoize: ^2.5.2
  mitt: ^3.0.0
  nanoid: ^3.1.23
  rimraf: ^3.0.2
  scroom: ^1.1.0
  typescript: ^4.3.4
  vite: ^2.3.8

dependencies:
  '@folmejs/core': registry.nlark.com/@folmejs/core/2.4.0
  fast-memoize: registry.nlark.com/fast-memoize/2.5.2
  mitt: registry.nlark.com/mitt/3.0.0
  nanoid: registry.nlark.com/nanoid/3.1.23

devDependencies:
  '@microsoft/api-documenter': registry.nlark.com/@microsoft/api-documenter/7.13.23
  '@microsoft/api-extractor': registry.nlark.com/@microsoft/api-extractor/7.16.1
  csstype: registry.nlark.com/csstype/3.0.8
  rimraf: 3.0.2
  scroom: registry.nlark.com/scroom/1.1.0
  typescript: registry.nlark.com/typescript/4.3.4
  vite: registry.nlark.com/vite/2.3.8

packages:

  /@types/argparse/1.0.38:
    resolution: {integrity: sha1-qB/YYG1IH4c6OADG665PHXaKVqk=, tarball: '@types/argparse/download/@types/argparse-1.0.38.tgz'}
    dev: true

  /argparse/1.0.10:
    resolution: {integrity: sha1-vNZ5HqWuCXJeF+WtmIE0zUCz2RE=, tarball: argparse/download/argparse-1.0.10.tgz}
    dependencies:
      sprintf-js: 1.0.3
    dev: true

  /balanced-match/1.0.2:
    resolution: {integrity: sha1-6D46fj8wCzTLnYf2FfoMvzV2kO4=, tarball: balanced-match/download/balanced-match-1.0.2.tgz}
    dev: true

  /brace-expansion/1.1.11:
    resolution: {integrity: sha1-PH/L9SnYcibz0vUrlm/1Jx60Qd0=, tarball: brace-expansion/download/brace-expansion-1.1.11.tgz}
    dependencies:
      balanced-match: 1.0.2
      concat-map: 0.0.1
    dev: true

  /colors/1.2.5:
    resolution: {integrity: sha1-icetmjdLwDDfgBMkH2gTbtiDWvw=, tarball: colors/download/colors-1.2.5.tgz}
    engines: {node: '>=0.1.90'}
    dev: true

  /concat-map/0.0.1:
    resolution: {integrity: sha1-2Klr13/Wjfd5OnMDajug1UBdR3s=, tarball: concat-map/download/concat-map-0.0.1.tgz}
    dev: true

  /esprima/4.0.1:
    resolution: {integrity: sha1-E7BM2z5sXRnfkatph6hpVhmwqnE=, tarball: esprima/download/esprima-4.0.1.tgz}
    engines: {node: '>=4'}
    hasBin: true
    dev: true

  /fast-deep-equal/3.1.3:
    resolution: {integrity: sha1-On1WtVnWy8PrUSMlJE5hmmXGxSU=, tarball: fast-deep-equal/download/fast-deep-equal-3.1.3.tgz}
    dev: true

  /fast-json-stable-stringify/2.1.0:
    resolution: {integrity: sha1-h0v2nG9ATCtdmcSBNBOZ/VWJJjM=, tarball: fast-json-stable-stringify/download/fast-json-stable-stringify-2.1.0.tgz}
    dev: true

  /graceful-fs/4.2.6:
    resolution: {integrity: sha1-/wQLKwhTsjw9MQJ1I3BvGIXXa+4=, tarball: graceful-fs/download/graceful-fs-4.2.6.tgz?cache=0&sync_timestamp=1612917647930&other_urls=https%3A%2F%2Fregistry.npm.taobao.org%2Fgraceful-fs%2Fdownload%2Fgraceful-fs-4.2.6.tgz}
    dev: true

  /import-lazy/4.0.0:
    resolution: {integrity: sha1-6OtidIOgpD2jwD8+NVSL5csMwVM=, tarball: import-lazy/download/import-lazy-4.0.0.tgz}
    engines: {node: '>=8'}
    dev: true

  /inflight/1.0.6:
    resolution: {integrity: sha1-Sb1jMdfQLQwJvJEKEHW6gWW1bfk=, tarball: inflight/download/inflight-1.0.6.tgz}
    dependencies:
      once: 1.4.0
      wrappy: registry.nlark.com/wrappy/1.0.2
    dev: true

  /inherits/2.0.4:
    resolution: {integrity: sha1-D6LGT5MpF8NDOg3tVTY6rjdBa3w=, tarball: inherits/download/inherits-2.0.4.tgz}
    dev: true

  /js-yaml/3.13.1:
    resolution: {integrity: sha1-r/FRswv9+o5J4F2iLnQV6d+jeEc=, tarball: js-yaml/download/js-yaml-3.13.1.tgz}
    hasBin: true
    dependencies:
      argparse: 1.0.10
      esprima: 4.0.1
    dev: true

  /json-schema-traverse/0.4.1:
    resolution: {integrity: sha1-afaofZUTq4u4/mO9sJecRI5oRmA=, tarball: json-schema-traverse/download/json-schema-traverse-0.4.1.tgz}
    dev: true

  /jsonfile/4.0.0:
    resolution: {integrity: sha1-h3Gq4HmbZAdrdmQPygWPnBDjPss=, tarball: jsonfile/download/jsonfile-4.0.0.tgz}
    optionalDependencies:
      graceful-fs: 4.2.6
    dev: true

  /lodash/4.17.21:
    resolution: {integrity: sha1-Z5WRxWTDv/quhFTPCz3zcMPWkRw=, tarball: lodash/download/lodash-4.17.21.tgz?cache=0&sync_timestamp=1614003002222&other_urls=https%3A%2F%2Fregistry.npm.taobao.org%2Flodash%2Fdownload%2Flodash-4.17.21.tgz}
    dev: true

  /lru-cache/6.0.0:
    resolution: {integrity: sha1-bW/mVw69lqr5D8rR2vo7JWbbOpQ=, tarball: lru-cache/download/lru-cache-6.0.0.tgz}
    engines: {node: '>=10'}
    dependencies:
      yallist: 4.0.0
    dev: true

  /minimatch/3.0.4:
    resolution: {integrity: sha1-UWbihkV/AzBgZL5Ul+jbsMPTIIM=, tarball: minimatch/download/minimatch-3.0.4.tgz}
    dependencies:
      brace-expansion: 1.1.11
    dev: true

  /once/1.4.0:
    resolution: {integrity: sha1-WDsap3WWHUsROsF9nFC6753Xa9E=, tarball: once/download/once-1.4.0.tgz}
    dependencies:
      wrappy: registry.nlark.com/wrappy/1.0.2
    dev: true

  /path-is-absolute/1.0.1:
    resolution: {integrity: sha1-F0uSaHNVNP+8es5r9TpanhtcX18=, tarball: path-is-absolute/download/path-is-absolute-1.0.1.tgz}
    engines: {node: '>=0.10.0'}
    dev: true

  /punycode/2.1.1:
    resolution: {integrity: sha1-tYsBCsQMIsVldhbI0sLALHv0eew=, tarball: punycode/download/punycode-2.1.1.tgz}
    engines: {node: '>=6'}
    dev: true

  /resolve/1.17.0:
    resolution: {integrity: sha1-sllBtUloIxzC0bt2p5y38sC/hEQ=, tarball: resolve/download/resolve-1.17.0.tgz}
    dependencies:
      path-parse: registry.nlark.com/path-parse/1.0.7
    dev: true

  /resolve/1.19.0:
    resolution: {integrity: sha1-GvW/YwQJc0oGfK4pMYqsf6KaJnw=, tarball: resolve/download/resolve-1.19.0.tgz}
    dependencies:
      is-core-module: registry.nlark.com/is-core-module/2.4.0
      path-parse: registry.nlark.com/path-parse/1.0.7
    dev: true

  /rimraf/3.0.2:
    resolution: {integrity: sha1-8aVAK6YiCtUswSgrrBrjqkn9Bho=, tarball: rimraf/download/rimraf-3.0.2.tgz}
    hasBin: true
    dependencies:
      glob: registry.nlark.com/glob/7.1.7
    dev: true

  /semver/7.3.5:
    resolution: {integrity: sha1-C2Ich5NI2JmOSw5L6Us/EuYBjvc=, tarball: semver/download/semver-7.3.5.tgz}
    engines: {node: '>=10'}
    hasBin: true
    dependencies:
      lru-cache: 6.0.0
    dev: true

  /source-map/0.6.1:
    resolution: {integrity: sha1-dHIq8y6WFOnCh6jQu95IteLxomM=, tarball: source-map/download/source-map-0.6.1.tgz}
    engines: {node: '>=0.10.0'}
    dev: true

  /sprintf-js/1.0.3:
    resolution: {integrity: sha1-BOaSb2YolTVPPdAVIDYzuFcpfiw=, tarball: sprintf-js/download/sprintf-js-1.0.3.tgz}
    dev: true

  /string-argv/0.3.1:
    resolution: {integrity: sha1-leL77AQnrhkYSTX4FtdKqkxcGdo=, tarball: string-argv/download/string-argv-0.3.1.tgz}
    engines: {node: '>=0.6.19'}
    dev: true

  /strip-json-comments/3.1.1:
    resolution: {integrity: sha1-MfEoGzgyYwQ0gxwxDAHMzajL4AY=, tarball: strip-json-comments/download/strip-json-comments-3.1.1.tgz}
    engines: {node: '>=8'}
    dev: true

  /timsort/0.3.0:
    resolution: {integrity: sha1-QFQRqOfmM5/mTbmiNN4R3DHgK9Q=, tarball: timsort/download/timsort-0.3.0.tgz}
    dev: true

  /universalify/0.1.2:
    resolution: {integrity: sha1-tkb2m+OULavOzJ1mOcgNwQXvqmY=, tarball: universalify/download/universalify-0.1.2.tgz}
    engines: {node: '>= 4.0.0'}
    dev: true

  /uri-js/4.4.1:
    resolution: {integrity: sha1-mxpSWVIlhZ5V9mnZKPiMbFfyp34=, tarball: uri-js/download/uri-js-4.4.1.tgz}
    dependencies:
      punycode: 2.1.1
    dev: true

  /yallist/4.0.0:
    resolution: {integrity: sha1-m7knkNnA7/7GO+c1GeEaNQGaOnI=, tarball: yallist/download/yallist-4.0.0.tgz}
    dev: true

  registry.nlark.com/@folmejs/core/2.4.0:
    resolution: {integrity: sha1-ITZadHzXMW8RThWb7VQxDY58E8Q=, registry: https://registry.npm.taobao.org/, tarball: https://registry.nlark.com/@folmejs/core/download/@folmejs/core-2.4.0.tgz}
    name: '@folmejs/core'
    version: 2.4.0
    dev: false

  registry.nlark.com/@microsoft/api-documenter/7.13.23:
    resolution: {integrity: sha1-60chhE6I6wSsQcluNS1CgPbqsws=, registry: https://registry.npm.taobao.org/, tarball: https://registry.nlark.com/@microsoft/api-documenter/download/@microsoft/api-documenter-7.13.23.tgz?cache=0&sync_timestamp=1624006578693&other_urls=https%3A%2F%2Fregistry.nlark.com%2F%40microsoft%2Fapi-documenter%2Fdownload%2F%40microsoft%2Fapi-documenter-7.13.23.tgz}
    name: '@microsoft/api-documenter'
    version: 7.13.23
    hasBin: true
    dependencies:
      '@microsoft/api-extractor-model': registry.nlark.com/@microsoft/api-extractor-model/7.13.3
      '@microsoft/tsdoc': registry.nlark.com/@microsoft/tsdoc/0.13.2
      '@rushstack/node-core-library': registry.nlark.com/@rushstack/node-core-library/3.39.0
      '@rushstack/ts-command-line': registry.nlark.com/@rushstack/ts-command-line/4.7.10
      colors: 1.2.5
      js-yaml: 3.13.1
      resolve: 1.17.0
    dev: true

  registry.nlark.com/@microsoft/api-extractor-model/7.13.3:
    resolution: {integrity: sha1-rAHAZMWvUg02Ychdfl75Xhyoq5I=, registry: https://registry.npm.taobao.org/, tarball: https://registry.nlark.com/@microsoft/api-extractor-model/download/@microsoft/api-extractor-model-7.13.3.tgz}
    name: '@microsoft/api-extractor-model'
    version: 7.13.3
    dependencies:
      '@microsoft/tsdoc': registry.nlark.com/@microsoft/tsdoc/0.13.2
      '@microsoft/tsdoc-config': registry.nlark.com/@microsoft/tsdoc-config/0.15.2
      '@rushstack/node-core-library': registry.nlark.com/@rushstack/node-core-library/3.39.0
    dev: true

  registry.nlark.com/@microsoft/api-extractor/7.16.1:
    resolution: {integrity: sha1-fVSQos4UQauLx71oZqNQz1gN4NA=, registry: https://registry.npm.taobao.org/, tarball: https://registry.nlark.com/@microsoft/api-extractor/download/@microsoft/api-extractor-7.16.1.tgz}
    name: '@microsoft/api-extractor'
    version: 7.16.1
    hasBin: true
    dependencies:
      '@microsoft/api-extractor-model': registry.nlark.com/@microsoft/api-extractor-model/7.13.3
      '@microsoft/tsdoc': registry.nlark.com/@microsoft/tsdoc/0.13.2
      '@microsoft/tsdoc-config': registry.nlark.com/@microsoft/tsdoc-config/0.15.2
      '@rushstack/node-core-library': registry.nlark.com/@rushstack/node-core-library/3.39.0
      '@rushstack/rig-package': registry.nlark.com/@rushstack/rig-package/0.2.12
      '@rushstack/ts-command-line': registry.nlark.com/@rushstack/ts-command-line/4.7.10
      colors: 1.2.5
      lodash: 4.17.21
      resolve: 1.17.0
      semver: 7.3.5
      source-map: 0.6.1
      typescript: registry.nlark.com/typescript/4.3.4
    dev: true

  registry.nlark.com/@microsoft/tsdoc-config/0.15.2:
    resolution: {integrity: sha1-6zU8k/O2KrdL3Jq29Kgrz4AUDxQ=, registry: https://registry.npm.taobao.org/, tarball: https://registry.nlark.com/@microsoft/tsdoc-config/download/@microsoft/tsdoc-config-0.15.2.tgz}
    name: '@microsoft/tsdoc-config'
    version: 0.15.2
    dependencies:
      '@microsoft/tsdoc': registry.nlark.com/@microsoft/tsdoc/0.13.2
      ajv: registry.nlark.com/ajv/6.12.6
      jju: registry.nlark.com/jju/1.4.0
      resolve: 1.19.0
    dev: true

  registry.nlark.com/@microsoft/tsdoc/0.13.2:
    resolution: {integrity: sha1-Ow77bTkDvUntsHNpb2DpDfCO+yY=, registry: https://registry.npm.taobao.org/, tarball: https://registry.nlark.com/@microsoft/tsdoc/download/@microsoft/tsdoc-0.13.2.tgz}
    name: '@microsoft/tsdoc'
    version: 0.13.2
    dev: true

  registry.nlark.com/@rushstack/node-core-library/3.39.0:
    resolution: {integrity: sha1-OJKJRtFa6Jt3M4bPl0M9DR7IO5M=, registry: https://registry.npm.taobao.org/, tarball: https://registry.nlark.com/@rushstack/node-core-library/download/@rushstack/node-core-library-3.39.0.tgz}
    name: '@rushstack/node-core-library'
    version: 3.39.0
    dependencies:
      '@types/node': registry.nlark.com/@types/node/10.17.13
      colors: 1.2.5
      fs-extra: registry.nlark.com/fs-extra/7.0.1
      import-lazy: 4.0.0
      jju: registry.nlark.com/jju/1.4.0
      resolve: 1.17.0
      semver: 7.3.5
      timsort: 0.3.0
      z-schema: registry.nlark.com/z-schema/3.18.4
    dev: true

  registry.nlark.com/@rushstack/rig-package/0.2.12:
    resolution: {integrity: sha1-xDTWKyjgQYoECTgib4kTlx0EJMc=, registry: https://registry.npm.taobao.org/, tarball: https://registry.nlark.com/@rushstack/rig-package/download/@rushstack/rig-package-0.2.12.tgz}
    name: '@rushstack/rig-package'
    version: 0.2.12
    dependencies:
      resolve: 1.17.0
      strip-json-comments: 3.1.1
    dev: true

  registry.nlark.com/@rushstack/ts-command-line/4.7.10:
    resolution: {integrity: sha1-ouxu+xlFt5tJZnHOkOsb5PE5fTE=, registry: https://registry.npm.taobao.org/, tarball: https://registry.nlark.com/@rushstack/ts-command-line/download/@rushstack/ts-command-line-4.7.10.tgz}
    name: '@rushstack/ts-command-line'
    version: 4.7.10
    dependencies:
      '@types/argparse': 1.0.38
      argparse: 1.0.10
      colors: 1.2.5
      string-argv: 0.3.1
    dev: true

  registry.nlark.com/@types/node/10.17.13:
    resolution: {integrity: sha1-zOvNuZC9YTnNFuhMOdwvsQI8qQw=, registry: https://registry.npm.taobao.org/, tarball: https://registry.nlark.com/@types/node/download/@types/node-10.17.13.tgz}
    name: '@types/node'
    version: 10.17.13
    dev: true

  registry.nlark.com/ajv/6.12.6:
    resolution: {integrity: sha1-uvWmLoArB9l3A0WG+MO69a3ybfQ=, registry: https://registry.npm.taobao.org/, tarball: https://registry.nlark.com/ajv/download/ajv-6.12.6.tgz?cache=0&sync_timestamp=1622992192031&other_urls=https%3A%2F%2Fregistry.nlark.com%2Fajv%2Fdownload%2Fajv-6.12.6.tgz}
    name: ajv
    version: 6.12.6
    dependencies:
      fast-deep-equal: 3.1.3
      fast-json-stable-stringify: 2.1.0
      json-schema-traverse: 0.4.1
      uri-js: 4.4.1
    dev: true

  registry.nlark.com/colorette/1.2.2:
    resolution: {integrity: sha1-y8x51emcrqLb8Q6zom/Ys+as+pQ=, registry: https://registry.npm.taobao.org/, tarball: https://registry.nlark.com/colorette/download/colorette-1.2.2.tgz}
    name: colorette
    version: 1.2.2
    dev: true

  registry.nlark.com/commander/2.20.3:
    resolution: {integrity: sha1-/UhehMA+tIgcIHIrpIA16FMa6zM=, registry: https://registry.npm.taobao.org/, tarball: https://registry.nlark.com/commander/download/commander-2.20.3.tgz}
    name: commander
    version: 2.20.3
    dev: true
    optional: true

  registry.nlark.com/csstype/3.0.8:
    resolution: {integrity: sha1-0iZqeScp+yJ80hb7Vy9Dco4a00A=, registry: https://registry.npm.taobao.org/, tarball: https://registry.nlark.com/csstype/download/csstype-3.0.8.tgz}
    name: csstype
    version: 3.0.8
    dev: true

  registry.nlark.com/emittery/0.9.2:
    resolution: {integrity: sha1-ClfEB3PG2jgBFchb1n04HdniL28=, registry: https://registry.npm.taobao.org/, tarball: https://registry.nlark.com/emittery/download/emittery-0.9.2.tgz}
    name: emittery
    version: 0.9.2
    engines: {node: '>=12'}
    dev: true

  registry.nlark.com/esbuild/0.12.9:
    resolution: {integrity: sha1-vtTnCHwobNgdl1Yx931H/rFmAHA=, registry: https://registry.npm.taobao.org/, tarball: https://registry.nlark.com/esbuild/download/esbuild-0.12.9.tgz}
    name: esbuild
    version: 0.12.9
    hasBin: true
    requiresBuild: true
    dev: true

  registry.nlark.com/fast-memoize/2.5.2:
    resolution: {integrity: sha1-eeO7ak7IZ+pAug5xRoFvbNzptX4=, registry: https://registry.npm.taobao.org/, tarball: https://registry.nlark.com/fast-memoize/download/fast-memoize-2.5.2.tgz}
    name: fast-memoize
    version: 2.5.2
    dev: false

  registry.nlark.com/fs-extra/7.0.1:
    resolution: {integrity: sha1-TxicRKoSO4lfcigE9V6iPq3DSOk=, registry: https://registry.npm.taobao.org/, tarball: https://registry.nlark.com/fs-extra/download/fs-extra-7.0.1.tgz?cache=0&sync_timestamp=1620119003427&other_urls=https%3A%2F%2Fregistry.nlark.com%2Ffs-extra%2Fdownload%2Ffs-extra-7.0.1.tgz}
    name: fs-extra
    version: 7.0.1
    engines: {node: '>=6 <7 || >=8'}
    dependencies:
      graceful-fs: 4.2.6
      jsonfile: 4.0.0
      universalify: 0.1.2
    dev: true

  registry.nlark.com/fs.realpath/1.0.0:
    resolution: {integrity: sha1-FQStJSMVjKpA20onh8sBQRmU6k8=, registry: https://registry.npm.taobao.org/, tarball: https://registry.nlark.com/fs.realpath/download/fs.realpath-1.0.0.tgz}
    name: fs.realpath
    version: 1.0.0
    dev: true

  registry.nlark.com/fsevents/2.3.2:
    resolution: {integrity: sha1-ilJveLj99GI7cJ4Ll1xSwkwC/Ro=, registry: https://registry.npm.taobao.org/, tarball: https://registry.nlark.com/fsevents/download/fsevents-2.3.2.tgz?cache=0&sync_timestamp=1622697195220&other_urls=https%3A%2F%2Fregistry.nlark.com%2Ffsevents%2Fdownload%2Ffsevents-2.3.2.tgz}
    name: fsevents
    version: 2.3.2
    engines: {node: ^8.16.0 || ^10.6.0 || >=11.0.0}
    dev: true
    optional: true

  registry.nlark.com/function-bind/1.1.1:
    resolution: {integrity: sha1-pWiZ0+o8m6uHS7l3O3xe3pL0iV0=, registry: https://registry.npm.taobao.org/, tarball: https://registry.nlark.com/function-bind/download/function-bind-1.1.1.tgz}
    name: function-bind
    version: 1.1.1
    dev: true

  registry.nlark.com/glob/7.1.7:
    resolution: {integrity: sha1-Oxk+kjPwHULQs/eClLvutBj5SpA=, registry: https://registry.npm.taobao.org/, tarball: https://registry.nlark.com/glob/download/glob-7.1.7.tgz}
    name: glob
    version: 7.1.7
    dependencies:
      fs.realpath: registry.nlark.com/fs.realpath/1.0.0
      inflight: 1.0.6
      inherits: 2.0.4
      minimatch: 3.0.4
      once: 1.4.0
      path-is-absolute: 1.0.1
    dev: true

  registry.nlark.com/has/1.0.3:
    resolution: {integrity: sha1-ci18v8H2qoJB8W3YFOAR4fQeh5Y=, registry: https://registry.npm.taobao.org/, tarball: https://registry.nlark.com/has/download/has-1.0.3.tgz}
    name: has
    version: 1.0.3
    engines: {node: '>= 0.4.0'}
    dependencies:
      function-bind: registry.nlark.com/function-bind/1.1.1
    dev: true

  registry.nlark.com/is-core-module/2.4.0:
    resolution: {integrity: sha1-jp/I4VAnsBFBgCbpjw5vTYYwXME=, registry: https://registry.npm.taobao.org/, tarball: https://registry.nlark.com/is-core-module/download/is-core-module-2.4.0.tgz}
    name: is-core-module
    version: 2.4.0
    dependencies:
      has: registry.nlark.com/has/1.0.3
    dev: true

  registry.nlark.com/jju/1.4.0:
    resolution: {integrity: sha1-o6vicYryQaKykE+EpiWXDzia4yo=, registry: https://registry.npm.taobao.org/, tarball: https://registry.nlark.com/jju/download/jju-1.4.0.tgz}
    name: jju
    version: 1.4.0
    dev: true

  registry.nlark.com/lodash.get/4.4.2:
    resolution: {integrity: sha1-LRd/ZS+jHpObRDjVNBSZ36OCXpk=, registry: https://registry.npm.taobao.org/, tarball: https://registry.nlark.com/lodash.get/download/lodash.get-4.4.2.tgz}
    name: lodash.get
    version: 4.4.2
    dev: true

  registry.nlark.com/lodash.isequal/4.5.0:
    resolution: {integrity: sha1-QVxEePK8wwEgwizhDtMib30+GOA=, registry: https://registry.npm.taobao.org/, tarball: https://registry.nlark.com/lodash.isequal/download/lodash.isequal-4.5.0.tgz?cache=0&sync_timestamp=1621255879967&other_urls=https%3A%2F%2Fregistry.nlark.com%2Flodash.isequal%2Fdownload%2Flodash.isequal-4.5.0.tgz}
    name: lodash.isequal
    version: 4.5.0
    dev: true

  registry.nlark.com/mitt/3.0.0:
    resolution: {integrity: sha1-ae+b1cgP9vV0c+jYkybQHEFL4L0=, registry: https://registry.npm.taobao.org/, tarball: https://registry.nlark.com/mitt/download/mitt-3.0.0.tgz}
    name: mitt
    version: 3.0.0
    dev: false

  registry.nlark.com/nanoid/3.1.23:
    resolution: {integrity: sha1-90QIbOfCvEfuCoRyV01ceOQYOoE=, registry: https://registry.npm.taobao.org/, tarball: https://registry.nlark.com/nanoid/download/nanoid-3.1.23.tgz}
    name: nanoid
    version: 3.1.23
    engines: {node: ^10 || ^12 || ^13.7 || ^14 || >=15.0.1}
    hasBin: true

  registry.nlark.com/path-parse/1.0.7:
    resolution: {integrity: sha1-+8EUtgykKzDZ2vWFjkvWi77bZzU=, registry: https://registry.npm.taobao.org/, tarball: https://registry.nlark.com/path-parse/download/path-parse-1.0.7.tgz}
    name: path-parse
    version: 1.0.7
    dev: true

  registry.nlark.com/postcss/8.3.5:
    resolution: {integrity: sha1-mCIWsRNBK8IKhiiekeuZSVKltwk=, registry: https://registry.npm.taobao.org/, tarball: https://registry.nlark.com/postcss/download/postcss-8.3.5.tgz}
    name: postcss
    version: 8.3.5
    engines: {node: ^10 || ^12 || >=14}
    dependencies:
      colorette: registry.nlark.com/colorette/1.2.2
      nanoid: registry.nlark.com/nanoid/3.1.23
      source-map-js: registry.nlark.com/source-map-js/0.6.2
    dev: true

  registry.nlark.com/randomcolor/0.6.2:
    resolution: {integrity: sha1-elc2KuGhJ4Q5ru0sFeXeuOoz9W0=, registry: https://registry.npm.taobao.org/, tarball: https://registry.nlark.com/randomcolor/download/randomcolor-0.6.2.tgz}
    name: randomcolor
    version: 0.6.2
    dev: true

  registry.nlark.com/resize-observer-polyfill/1.5.1:
    resolution: {integrity: sha1-DpAg3T0hAkRY1OvSfiPkAmmBBGQ=, registry: https://registry.npm.taobao.org/, tarball: https://registry.nlark.com/resize-observer-polyfill/download/resize-observer-polyfill-1.5.1.tgz}
    name: resize-observer-polyfill
    version: 1.5.1
    dev: true

  registry.nlark.com/resolve/1.20.0:
    resolution: {integrity: sha1-YpoBP7P3B1XW8LeTXMHCxTeLGXU=, registry: https://registry.npm.taobao.org/, tarball: https://registry.nlark.com/resolve/download/resolve-1.20.0.tgz}
    name: resolve
    version: 1.20.0
    dependencies:
      is-core-module: registry.nlark.com/is-core-module/2.4.0
      path-parse: registry.nlark.com/path-parse/1.0.7
    dev: true

  registry.nlark.com/rollup/2.52.2:
    resolution: {integrity: sha1-p+kNEN2uPoRywoV72fRLCe80pHo=, registry: https://registry.npm.taobao.org/, tarball: https://registry.nlark.com/rollup/download/rollup-2.52.2.tgz?cache=0&sync_timestamp=1624351131086&other_urls=https%3A%2F%2Fregistry.nlark.com%2Frollup%2Fdownload%2Frollup-2.52.2.tgz}
    name: rollup
    version: 2.52.2
    engines: {node: '>=10.0.0'}
    hasBin: true
    optionalDependencies:
      fsevents: registry.nlark.com/fsevents/2.3.2
    dev: true

  registry.nlark.com/scroom/1.1.0:
    resolution: {integrity: sha1-Ve333JdmgxDvXEecwQeyuIMP124=, registry: https://registry.npm.taobao.org/, tarball: https://registry.nlark.com/scroom/download/scroom-1.1.0.tgz}
    name: scroom
    version: 1.1.0
    dependencies:
      emittery: registry.nlark.com/emittery/0.9.2
      randomcolor: registry.nlark.com/randomcolor/0.6.2
      resize-observer-polyfill: registry.nlark.com/resize-observer-polyfill/1.5.1
    dev: true

  registry.nlark.com/source-map-js/0.6.2:
    resolution: {integrity: sha1-C7XeYxtBz72mz7qL0FqA79/SOF4=, registry: https://registry.npm.taobao.org/, tarball: https://registry.nlark.com/source-map-js/download/source-map-js-0.6.2.tgz?cache=0&sync_timestamp=1621571118211&other_urls=https%3A%2F%2Fregistry.nlark.com%2Fsource-map-js%2Fdownload%2Fsource-map-js-0.6.2.tgz}
    name: source-map-js
    version: 0.6.2
    engines: {node: '>=0.10.0'}
    dev: true

  registry.nlark.com/typescript/4.3.4:
    resolution: {integrity: sha1-P4W5hpRbzzEHHezdls+L+mX53Lw=, registry: https://registry.npm.taobao.org/, tarball: https://registry.nlark.com/typescript/download/typescript-4.3.4.tgz?cache=0&sync_timestamp=1623978929324&other_urls=https%3A%2F%2Fregistry.nlark.com%2Ftypescript%2Fdownload%2Ftypescript-4.3.4.tgz}
    name: typescript
    version: 4.3.4
    engines: {node: '>=4.2.0'}
    hasBin: true
    dev: true

  registry.nlark.com/validator/8.2.0:
    resolution: {integrity: sha1-PBI3KQ43CSNVNE/veMIxJJ2rd7k=, registry: https://registry.npm.taobao.org/, tarball: https://registry.nlark.com/validator/download/validator-8.2.0.tgz}
    name: validator
    version: 8.2.0
    engines: {node: '>= 0.10'}
    dev: true

  registry.nlark.com/vite/2.3.8:
    resolution: {integrity: sha1-QuPgOVOFn9QQ5OarPRzKCqsq3Dw=, registry: https://registry.npm.taobao.org/, tarball: https://registry.nlark.com/vite/download/vite-2.3.8.tgz}
    name: vite
    version: 2.3.8
    engines: {node: '>=12.0.0'}
    hasBin: true
    dependencies:
      esbuild: registry.nlark.com/esbuild/0.12.9
      postcss: registry.nlark.com/postcss/8.3.5
      resolve: registry.nlark.com/resolve/1.20.0
      rollup: registry.nlark.com/rollup/2.52.2
    optionalDependencies:
      fsevents: registry.nlark.com/fsevents/2.3.2
    dev: true

  registry.nlark.com/wrappy/1.0.2:
    resolution: {integrity: sha1-tSQ9jz7BqjXxNkYFvA0QNuMKtp8=, registry: https://registry.npm.taobao.org/, tarball: https://registry.nlark.com/wrappy/download/wrappy-1.0.2.tgz}
    name: wrappy
    version: 1.0.2
    dev: true

  registry.nlark.com/z-schema/3.18.4:
    resolution: {integrity: sha1-6oEysnlTPuYL4khaAvfj5CVBqaI=, registry: https://registry.npm.taobao.org/, tarball: https://registry.nlark.com/z-schema/download/z-schema-3.18.4.tgz}
    name: z-schema
    version: 3.18.4
    hasBin: true
    dependencies:
      lodash.get: registry.nlark.com/lodash.get/4.4.2
      lodash.isequal: registry.nlark.com/lodash.isequal/4.5.0
      validator: registry.nlark.com/validator/8.2.0
    optionalDependencies:
      commander: registry.nlark.com/commander/2.20.3
    dev: true
